{
  "name": "twiki-schema",
  "version": "0.0.1",
  "lockfileVersion": 1,
  "requires": true,
  "dependencies": {
    "@types/node": {
      "version": "12.7.5",
      "resolved": "https://registry.npmjs.org/@types/node/-/node-12.7.5.tgz",
      "integrity": "sha512-9fq4jZVhPNW8r+UYKnxF1e2HkDWOWKM5bC2/7c9wPV835I0aOrVbS/Hw/pWPk2uKrNXQqg9Z959Kz+IYDd5p3w==",
      "dev": true
    },
    "json-schema": {
      "version": "0.2.5",
      "resolved": "https://registry.npmjs.org/json-schema/-/json-schema-0.2.5.tgz",
      "integrity": "sha512-gWJOWYFrhQ8j7pVm0EM8Slr+EPVq1Phf6lvzvD/WCeqkrx/f2xBI0xOsRRS9xCn3I4vKtP519dvs3TP09r24wQ=="
    },
    "typescript": {
      "version": "3.6.3",
      "resolved": "https://registry.npmjs.org/typescript/-/typescript-3.6.3.tgz",
      "integrity": "sha512-N7bceJL1CtRQ2RiG0AQME13ksR7DiuQh/QehubYcghzv20tnh+MQnQIuJddTmsbqYj+dztchykemz0zFzlvdQw==",
      "dev": true
    }
  }
}
